// !$*UTF8*$!
{
	archiveVersion = 1;
	classes = {
	};
	objectVersion = 77;
	objects = {

/* Begin PBXContainerItemProxy section */
		65BA68782CFF567400A894E8 /* PBXContainerItemProxy */ = {
			isa = PBXContainerItemProxy;
			containerPortal = 65BA685F2CFF567200A894E8 /* Project object */;
			proxyType = 1;
			remoteGlobalIDString = 65BA68662CFF567200A894E8;
			remoteInfo = SwiftUI_WalkthroughAnimation;
		};
		65BA68822CFF567400A894E8 /* PBXContainerItemProxy */ = {
			isa = PBXContainerItemProxy;
			containerPortal = 65BA685F2CFF567200A894E8 /* Project object */;
			proxyType = 1;
			remoteGlobalIDString = 65BA68662CFF567200A894E8;
			remoteInfo = SwiftUI_WalkthroughAnimation;
		};
/* End PBXContainerItemProxy section */

/* Begin PBXFileReference section */
		65BA68672CFF567200A894E8 /* SwiftUI_WalkthroughAnimation.app */ = {isa = PBXFileReference; explicitFileType = wrapper.application; includeInIndex = 0; path = SwiftUI_WalkthroughAnimation.app; sourceTree = BUILT_PRODUCTS_DIR; };
		65BA68772CFF567400A894E8 /* SwiftUI_WalkthroughAnimationTests.xctest */ = {isa = PBXFileReference; explicitFileType = wrapper.cfbundle; includeInIndex = 0; path = SwiftUI_WalkthroughAnimationTests.xctest; sourceTree = BUILT_PRODUCTS_DIR; };
		65BA68812CFF567400A894E8 /* SwiftUI_WalkthroughAnimationUITests.xctest */ = {isa = PBXFileReference; explicitFileType = wrapper.cfbundle; includeInIndex = 0; path = SwiftUI_WalkthroughAnimationUITests.xctest; sourceTree = BUILT_PRODUCTS_DIR; };
/* End PBXFileReference section */

/* Begin PBXFileSystemSynchronizedRootGroup section */
		65BA68692CFF567200A894E8 /* SwiftUI_WalkthroughAnimation */ = {
			isa = PBXFileSystemSynchronizedRootGroup;
			path = SwiftUI_WalkthroughAnimation;
			sourceTree = "<group>";
		};
/* End PBXFileSystemSynchronizedRootGroup section */

/* Begin PBXFrameworksBuildPhase section */
		65BA68642CFF567200A894E8 /* Frameworks */ = {
			isa = PBXFrameworksBuildPhase;
			buildActionMask = 2147483647;
			files = (
			);
			runOnlyForDeploymentPostprocessing = 0;
		};
		65BA68742CFF567400A894E8 /* Frameworks */ = {
			isa = PBXFrameworksBuildPhase;
			buildActionMask = 2147483647;
			files = (
			);
			runOnlyForDeploymentPostprocessing = 0;
		};
		65BA687E2CFF567400A894E8 /* Frameworks */ = {
			isa = PBXFrameworksBuildPhase;
			buildActionMask = 2147483647;
			files = (
			);
			runOnlyForDeploymentPostprocessing = 0;
		};
/* End PBXFrameworksBuildPhase section */

/* Begin PBXGroup section */
		65BA685E2CFF567200A894E8 = {
			isa = PBXGroup;
			children = (
				65BA68692CFF567200A894E8 /* SwiftUI_WalkthroughAnimation */,
				65BA68682CFF567200A894E8 /* Products */,
			);
			sourceTree = "<group>";
		};
		65BA68682CFF567200A894E8 /* Products */ = {
			isa = PBXGroup;
			children = (
				65BA68672CFF567200A894E8 /* SwiftUI_WalkthroughAnimation.app */,
				65BA68772CFF567400A894E8 /* SwiftUI_WalkthroughAnimationTests.xctest */,
				65BA68812CFF567400A894E8 /* SwiftUI_WalkthroughAnimationUITests.xctest */,
			);
			name = Products;
			sourceTree = "<group>";
		};
/* End PBXGroup section */

/* Begin PBXNativeTarget section */
		65BA68662CFF567200A894E8 /* SwiftUI_WalkthroughAnimation */ = {
			isa = PBXNativeTarget;
			buildConfigurationList = 65BA688B2CFF567400A894E8 /* Build configuration list for PBXNativeTarget "SwiftUI_WalkthroughAnimation" */;
			buildPhases = (
				65BA68632CFF567200A894E8 /* Sources */,
				65BA68642CFF567200A894E8 /* Frameworks */,
				65BA68652CFF567200A894E8 /* Resources */,
			);
			buildRules = (
			);
			dependencies = (
			);
			fileSystemSynchronizedGroups = (
				65BA68692CFF567200A894E8 /* SwiftUI_WalkthroughAnimation */,
			);
			name = SwiftUI_WalkthroughAnimation;
			packageProductDependencies = (
			);
			productName = SwiftUI_WalkthroughAnimation;
			productReference = 65BA68672CFF567200A894E8 /* SwiftUI_WalkthroughAnimation.app */;
			productType = "com.apple.product-type.application";
		};
		65BA68762CFF567400A894E8 /* SwiftUI_WalkthroughAnimationTests */ = {
			isa = PBXNativeTarget;
			buildConfigurationList = 65BA688E2CFF567400A894E8 /* Build configuration list for PBXNativeTarget "SwiftUI_WalkthroughAnimationTests" */;
			buildPhases = (
				65BA68732CFF567400A894E8 /* Sources */,
				65BA68742CFF567400A894E8 /* Frameworks */,
				65BA68752CFF567400A894E8 /* Resources */,
			);
			buildRules = (
			);
			dependencies = (
				65BA68792CFF567400A894E8 /* PBXTargetDependency */,
			);
			name = SwiftUI_WalkthroughAnimationTests;
			packageProductDependencies = (
			);
			productName = SwiftUI_WalkthroughAnimationTests;
			productReference = 65BA68772CFF567400A894E8 /* SwiftUI_WalkthroughAnimationTests.xctest */;
			productType = "com.apple.product-type.bundle.unit-test";
		};
		65BA68802CFF567400A894E8 /* SwiftUI_WalkthroughAnimationUITests */ = {
			isa = PBXNativeTarget;
			buildConfigurationList = 65BA68912CFF567400A894E8 /* Build configuration list for PBXNativeTarget "SwiftUI_WalkthroughAnimationUITests" */;
			buildPhases = (
				65BA687D2CFF567400A894E8 /* Sources */,
				65BA687E2CFF567400A894E8 /* Frameworks */,
				65BA687F2CFF567400A894E8 /* Resources */,
			);
			buildRules = (
			);
			dependencies = (
				65BA68832CFF567400A894E8 /* PBXTargetDependency */,
			);
			name = SwiftUI_WalkthroughAnimationUITests;
			packageProductDependencies = (
			);
			productName = SwiftUI_WalkthroughAnimationUITests;
			productReference = 65BA68812CFF567400A894E8 /* SwiftUI_WalkthroughAnimationUITests.xctest */;
			productType = "com.apple.product-type.bundle.ui-testing";
		};
/* End PBXNativeTarget section */

/* Begin PBXProject section */
		65BA685F2CFF567200A894E8 /* Project object */ = {
			isa = PBXProject;
			attributes = {
				BuildIndependentTargetsInParallel = 1;
				LastSwiftUpdateCheck = 1610;
				LastUpgradeCheck = 1610;
				TargetAttributes = {
					65BA68662CFF567200A894E8 = {
						CreatedOnToolsVersion = 16.1;
					};
					65BA68762CFF567400A894E8 = {
						CreatedOnToolsVersion = 16.1;
						TestTargetID = 65BA68662CFF567200A894E8;
					};
					65BA68802CFF567400A894E8 = {
						CreatedOnToolsVersion = 16.1;
						TestTargetID = 65BA68662CFF567200A894E8;
					};
				};
			};
			buildConfigurationList = 65BA68622CFF567200A894E8 /* Build configuration list for PBXProject "SwiftUI_WalkthroughAnimation" */;
			developmentRegion = en;
			hasScannedForEncodings = 0;
			knownRegions = (
				en,
				Base,
			);
			mainGroup = 65BA685E2CFF567200A894E8;
			minimizedProjectReferenceProxies = 1;
			preferredProjectObjectVersion = 77;
			productRefGroup = 65BA68682CFF567200A894E8 /* Products */;
			projectDirPath = "";
			projectRoot = "";
			targets = (
				65BA68662CFF567200A894E8 /* SwiftUI_WalkthroughAnimation */,
				65BA68762CFF567400A894E8 /* SwiftUI_WalkthroughAnimationTests */,
				65BA68802CFF567400A894E8 /* SwiftUI_WalkthroughAnimationUITests */,
			);
		};
/* End PBXProject section */

/* Begin PBXResourcesBuildPhase section */
		65BA68652CFF567200A894E8 /* Resources */ = {
			isa = PBXResourcesBuildPhase;
			buildActionMask = 2147483647;
			files = (
			);
			runOnlyForDeploymentPostprocessing = 0;
		};
		65BA68752CFF567400A894E8 /* Resources */ = {
			isa = PBXResourcesBuildPhase;
			buildActionMask = 2147483647;
			files = (
			);
			runOnlyForDeploymentPostprocessing = 0;
		};
		65BA687F2CFF567400A894E8 /* Resources */ = {
			isa = PBXResourcesBuildPhase;
			buildActionMask = 2147483647;
			files = (
			);
			runOnlyForDeploymentPostprocessing = 0;
		};
/* End PBXResourcesBuildPhase section */

/* Begin PBXSourcesBuildPhase section */
		65BA68632CFF567200A894E8 /* Sources */ = {
			isa = PBXSourcesBuildPhase;
			buildActionMask = 2147483647;
			files = (
			);
			runOnlyForDeploymentPostprocessing = 0;
		};
		65BA68732CFF567400A894E8 /* Sources */ = {
			isa = PBXSourcesBuildPhase;
			buildActionMask = 2147483647;
			files = (
			);
			runOnlyForDeploymentPostprocessing = 0;
		};
		65BA687D2CFF567400A894E8 /* Sources */ = {
			isa = PBXSourcesBuildPhase;
			buildActionMask = 2147483647;
			files = (
			);
			runOnlyForDeploymentPostprocessing = 0;
		};
/* End PBXSourcesBuildPhase section */

/* Begin PBXTargetDependency section */
		65BA68792CFF567400A894E8 /* PBXTargetDependency */ = {
			isa = PBXTargetDependency;
			target = 65BA68662CFF567200A894E8 /* SwiftUI_WalkthroughAnimation */;
			targetProxy = 65BA68782CFF567400A894E8 /* PBXContainerItemProxy */;
		};
		65BA68832CFF567400A894E8 /* PBXTargetDependency */ = {
			isa = PBXTargetDependency;
			target = 65BA68662CFF567200A894E8 /* SwiftUI_WalkthroughAnimation */;
			targetProxy = 65BA68822CFF567400A894E8 /* PBXContainerItemProxy */;
		};
/* End PBXTargetDependency section */

/* Begin XCBuildConfiguration section */
		65BA68892CFF567400A894E8 /* Debug */ = {
			isa = XCBuildConfiguration;
			buildSettings = {
				ALWAYS_SEARCH_USER_PATHS = NO;
				ASSETCATALOG_COMPILER_GENERATE_SWIFT_ASSET_SYMBOL_EXTENSIONS = YES;
				CLANG_ANALYZER_NONNULL = YES;
				CLANG_ANALYZER_NUMBER_OBJECT_CONVERSION = YES_AGGRESSIVE;
				CLANG_CXX_LANGUAGE_STANDARD = "gnu++20";
				CLANG_ENABLE_MODULES = YES;
				CLANG_ENABLE_OBJC_ARC = YES;
				CLANG_ENABLE_OBJC_WEAK = YES;
				CLANG_WARN_BLOCK_CAPTURE_AUTORELEASING = YES;
				CLANG_WARN_BOOL_CONVERSION = YES;
				CLANG_WARN_COMMA = YES;
				CLANG_WARN_CONSTANT_CONVERSION = YES;
				CLANG_WARN_DEPRECATED_OBJC_IMPLEMENTATIONS = YES;
				CLANG_WARN_DIRECT_OBJC_ISA_USAGE = YES_ERROR;
				CLANG_WARN_DOCUMENTATION_COMMENTS = YES;
				CLANG_WARN_EMPTY_BODY = YES;
				CLANG_WARN_ENUM_CONVERSION = YES;
				CLANG_WARN_INFINITE_RECURSION = YES;
				CLANG_WARN_INT_CONVERSION = YES;
				CLANG_WARN_NON_LITERAL_NULL_CONVERSION = YES;
				CLANG_WARN_OBJC_IMPLICIT_RETAIN_SELF = YES;
				CLANG_WARN_OBJC_LITERAL_CONVERSION = YES;
				CLANG_WARN_OBJC_ROOT_CLASS = YES_ERROR;
				CLANG_WARN_QUOTED_INCLUDE_IN_FRAMEWORK_HEADER = YES;
				CLANG_WARN_RANGE_LOOP_ANALYSIS = YES;
				CLANG_WARN_STRICT_PROTOTYPES = YES;
				CLANG_WARN_SUSPICIOUS_MOVE = YES;
				CLANG_WARN_UNGUARDED_AVAILABILITY = YES_AGGRESSIVE;
				CLANG_WARN_UNREACHABLE_CODE = YES;
				CLANG_WARN__DUPLICATE_METHOD_MATCH = YES;
				COPY_PHASE_STRIP = NO;
				DEBUG_INFORMATION_FORMAT = dwarf;
				ENABLE_STRICT_OBJC_MSGSEND = YES;
				ENABLE_TESTABILITY = YES;
				ENABLE_USER_SCRIPT_SANDBOXING = YES;
				GCC_C_LANGUAGE_STANDARD = gnu17;
				GCC_DYNAMIC_NO_PIC = NO;
				GCC_NO_COMMON_BLOCKS = YES;
				GCC_OPTIMIZATION_LEVEL = 0;
				GCC_PREPROCESSOR_DEFINITIONS = (
					"DEBUG=1",
					"$(inherited)",
				);
				GCC_WARN_64_TO_32_BIT_CONVERSION = YES;
				GCC_WARN_ABOUT_RETURN_TYPE = YES_ERROR;
				GCC_WARN_UNDECLARED_SELECTOR = YES;
				GCC_WARN_UNINITIALIZED_AUTOS = YES_AGGRESSIVE;
				GCC_WARN_UNUSED_FUNCTION = YES;
				GCC_WARN_UNUSED_VARIABLE = YES;
				IPHONEOS_DEPLOYMENT_TARGET = 18.1;
				LOCALIZATION_PREFERS_STRING_CATALOGS = YES;
				MTL_ENABLE_DEBUG_INFO = INCLUDE_SOURCE;
				MTL_FAST_MATH = YES;
				ONLY_ACTIVE_ARCH = YES;
				SDKROOT = iphoneos;
				SWIFT_ACTIVE_COMPILATION_CONDITIONS = "DEBUG $(inherited)";
				SWIFT_OPTIMIZATION_LEVEL = "-Onone";
			};
			name = Debug;
		};
		65BA688A2CFF567400A894E8 /* Release */ = {
			isa = XCBuildConfiguration;
			buildSettings = {
				ALWAYS_SEARCH_USER_PATHS = NO;
				ASSETCATALOG_COMPILER_GENERATE_SWIFT_ASSET_SYMBOL_EXTENSIONS = YES;
				CLANG_ANALYZER_NONNULL = YES;
				CLANG_ANALYZER_NUMBER_OBJECT_CONVERSION = YES_AGGRESSIVE;
				CLANG_CXX_LANGUAGE_STANDARD = "gnu++20";
				CLANG_ENABLE_MODULES = YES;
				CLANG_ENABLE_OBJC_ARC = YES;
				CLANG_ENABLE_OBJC_WEAK = YES;
				CLANG_WARN_BLOCK_CAPTURE_AUTORELEASING = YES;
				CLANG_WARN_BOOL_CONVERSION = YES;
				CLANG_WARN_COMMA = YES;
				CLANG_WARN_CONSTANT_CONVERSION = YES;
				CLANG_WARN_DEPRECATED_OBJC_IMPLEMENTATIONS = YES;
				CLANG_WARN_DIRECT_OBJC_ISA_USAGE = YES_ERROR;
				CLANG_WARN_DOCUMENTATION_COMMENTS = YES;
				CLANG_WARN_EMPTY_BODY = YES;
				CLANG_WARN_ENUM_CONVERSION = YES;
				CLANG_WARN_INFINITE_RECURSION = YES;
				CLANG_WARN_INT_CONVERSION = YES;
				CLANG_WARN_NON_LITERAL_NULL_CONVERSION = YES;
				CLANG_WARN_OBJC_IMPLICIT_RETAIN_SELF = YES;
				CLANG_WARN_OBJC_LITERAL_CONVERSION = YES;
				CLANG_WARN_OBJC_ROOT_CLASS = YES_ERROR;
				CLANG_WARN_QUOTED_INCLUDE_IN_FRAMEWORK_HEADER = YES;
				CLANG_WARN_RANGE_LOOP_ANALYSIS = YES;
				CLANG_WARN_STRICT_PROTOTYPES = YES;
				CLANG_WARN_SUSPICIOUS_MOVE = YES;
				CLANG_WARN_UNGUARDED_AVAILABILITY = YES_AGGRESSIVE;
				CLANG_WARN_UNREACHABLE_CODE = YES;
				CLANG_WARN__DUPLICATE_METHOD_MATCH = YES;
				COPY_PHASE_STRIP = NO;
				DEBUG_INFORMATION_FORMAT = "dwarf-with-dsym";
				ENABLE_NS_ASSERTIONS = NO;
				ENABLE_STRICT_OBJC_MSGSEND = YES;
				ENABLE_USER_SCRIPT_SANDBOXING = YES;
				GCC_C_LANGUAGE_STANDARD = gnu17;
				GCC_NO_COMMON_BLOCKS = YES;
				GCC_WARN_64_TO_32_BIT_CONVERSION = YES;
				GCC_WARN_ABOUT_RETURN_TYPE = YES_ERROR;
				GCC_WARN_UNDECLARED_SELECTOR = YES;
				GCC_WARN_UNINITIALIZED_AUTOS = YES_AGGRESSIVE;
				GCC_WARN_UNUSED_FUNCTION = YES;
				GCC_WARN_UNUSED_VARIABLE = YES;
				IPHONEOS_DEPLOYMENT_TARGET = 18.1;
				LOCALIZATION_PREFERS_STRING_CATALOGS = YES;
				MTL_ENABLE_DEBUG_INFO = NO;
				MTL_FAST_MATH = YES;
				SDKROOT = iphoneos;
				SWIFT_COMPILATION_MODE = wholemodule;
				VALIDATE_PRODUCT = YES;
			};
			name = Release;
		};
		65BA688C2CFF567400A894E8 /* Debug */ = {
			isa = XCBuildConfiguration;
			buildSettings = {
				ASSETCATALOG_COMPILER_APPICON_NAME = AppIcon;
				ASSETCATALOG_COMPILER_GLOBAL_ACCENT_COLOR_NAME = AccentColor;
				CODE_SIGN_STYLE = Automatic;
				CURRENT_PROJECT_VERSION = 1;
				DEVELOPMENT_ASSET_PATHS = "\"SwiftUI_WalkthroughAnimation/Preview Content\"";
				ENABLE_PREVIEWS = YES;
				GENERATE_INFOPLIST_FILE = YES;
				INFOPLIST_KEY_UIApplicationSceneManifest_Generation = YES;
				INFOPLIST_KEY_UIApplicationSupportsIndirectInputEvents = YES;
				INFOPLIST_KEY_UILaunchScreen_Generation = YES;
				INFOPLIST_KEY_UISupportedInterfaceOrientations_iPad = "UIInterfaceOrientationPortrait UIInterfaceOrientationPortraitUpsideDown UIInterfaceOrientationLandscapeLeft UIInterfaceOrientationLandscapeRight";
				INFOPLIST_KEY_UISupportedInterfaceOrientations_iPhone = "UIInterfaceOrientationPortrait UIInterfaceOrientationLandscapeLeft UIInterfaceOrientationLandscapeRight";
				LD_RUNPATH_SEARCH_PATHS = (
					"$(inherited)",
					"@executable_path/Frameworks",
				);
				MARKETING_VERSION = 1.0;
				PRODUCT_BUNDLE_IDENTIFIER = "com.dinesh.SwiftUI-WalkthroughAnimation";
				PRODUCT_NAME = "$(TARGET_NAME)";
				SWIFT_EMIT_LOC_STRINGS = YES;
				SWIFT_VERSION = 5.0;
				TARGETED_DEVICE_FAMILY = "1,2";
			};
			name = Debug;
		};
		65BA688D2CFF567400A894E8 /* Release */ = {
			isa = XCBuildConfiguration;
			buildSettings = {
				ASSETCATALOG_COMPILER_APPICON_NAME = AppIcon;
				ASSETCATALOG_COMPILER_GLOBAL_ACCENT_COLOR_NAME = AccentColor;
				CODE_SIGN_STYLE = Automatic;
				CURRENT_PROJECT_VERSION = 1;
				DEVELOPMENT_ASSET_PATHS = "\"SwiftUI_WalkthroughAnimation/Preview Content\"";
				ENABLE_PREVIEWS = YES;
				GENERATE_INFOPLIST_FILE = YES;
				INFOPLIST_KEY_UIApplicationSceneManifest_Generation = YES;
				INFOPLIST_KEY_UIApplicationSupportsIndirectInputEvents = YES;
				INFOPLIST_KEY_UILaunchScreen_Generation = YES;
				INFOPLIST_KEY_UISupportedInterfaceOrientations_iPad = "UIInterfaceOrientationPortrait UIInterfaceOrientationPortraitUpsideDown UIInterfaceOrientationLandscapeLeft UIInterfaceOrientationLandscapeRight";
				INFOPLIST_KEY_UISupportedInterfaceOrientations_iPhone = "UIInterfaceOrientationPortrait UIInterfaceOrientationLandscapeLeft UIInterfaceOrientationLandscapeRight";
				LD_RUNPATH_SEARCH_PATHS = (
					"$(inherited)",
					"@executable_path/Frameworks",
				);
				MARKETING_VERSION = 1.0;
				PRODUCT_BUNDLE_IDENTIFIER = "com.dinesh.SwiftUI-WalkthroughAnimation";
				PRODUCT_NAME = "$(TARGET_NAME)";
				SWIFT_EMIT_LOC_STRINGS = YES;
				SWIFT_VERSION = 5.0;
				TARGETED_DEVICE_FAMILY = "1,2";
			};
			name = Release;
		};
		65BA688F2CFF567400A894E8 /* Debug */ = {
			isa = XCBuildConfiguration;
			buildSettings = {
				BUNDLE_LOADER = "$(TEST_HOST)";
				CODE_SIGN_STYLE = Automatic;
				CURRENT_PROJECT_VERSION = 1;
				GENERATE_INFOPLIST_FILE = YES;
				IPHONEOS_DEPLOYMENT_TARGET = 18.1;
				MARKETING_VERSION = 1.0;
				PRODUCT_BUNDLE_IDENTIFIER = "com.dinesh.SwiftUI-WalkthroughAnimationTests";
				PRODUCT_NAME = "$(TARGET_NAME)";
				SWIFT_EMIT_LOC_STRINGS = NO;
				SWIFT_VERSION = 5.0;
				TARGETED_DEVICE_FAMILY = "1,2";
				TEST_HOST = "$(BUILT_PRODUCTS_DIR)/SwiftUI_WalkthroughAnimation.app/$(BUNDLE_EXECUTABLE_FOLDER_PATH)/SwiftUI_WalkthroughAnimation";
			};
			name = Debug;
		};
		65BA68902CFF567400A894E8 /* Release */ = {
			isa = XCBuildConfiguration;
			buildSettings = {
				BUNDLE_LOADER = "$(TEST_HOST)";
				CODE_SIGN_STYLE = Automatic;
				CURRENT_PROJECT_VERSION = 1;
				GENERATE_INFOPLIST_FILE = YES;
				IPHONEOS_DEPLOYMENT_TARGET = 18.1;
				MARKETING_VERSION = 1.0;
				PRODUCT_BUNDLE_IDENTIFIER = "com.dinesh.SwiftUI-WalkthroughAnimationTests";
				PRODUCT_NAME = "$(TARGET_NAME)";
				SWIFT_EMIT_LOC_STRINGS = NO;
				SWIFT_VERSION = 5.0;
				TARGETED_DEVICE_FAMILY = "1,2";
				TEST_HOST = "$(BUILT_PRODUCTS_DIR)/SwiftUI_WalkthroughAnimation.app/$(BUNDLE_EXECUTABLE_FOLDER_PATH)/SwiftUI_WalkthroughAnimation";
			};
			name = Release;
		};
		65BA68922CFF567400A894E8 /* Debug */ = {
			isa = XCBuildConfiguration;
			buildSettings = {
				CODE_SIGN_STYLE = Automatic;
				CURRENT_PROJECT_VERSION = 1;
				GENERATE_INFOPLIST_FILE = YES;
				MARKETING_VERSION = 1.0;
				PRODUCT_BUNDLE_IDENTIFIER = "com.dinesh.SwiftUI-WalkthroughAnimationUITests";
				PRODUCT_NAME = "$(TARGET_NAME)";
				SWIFT_EMIT_LOC_STRINGS = NO;
				SWIFT_VERSION = 5.0;
				TARGETED_DEVICE_FAMILY = "1,2";
				TEST_TARGET_NAME = SwiftUI_WalkthroughAnimation;
			};
			name = Debug;
		};
		65BA68932CFF567400A894E8 /* Release */ = {
			isa = XCBuildConfiguration;
			buildSettings = {
				CODE_SIGN_STYLE = Automatic;
				CURRENT_PROJECT_VERSION = 1;
				GENERATE_INFOPLIST_FILE = YES;
				MARKETING_VERSION = 1.0;
				PRODUCT_BUNDLE_IDENTIFIER = "com.dinesh.SwiftUI-WalkthroughAnimationUITests";
				PRODUCT_NAME = "$(TARGET_NAME)";
				SWIFT_EMIT_LOC_STRINGS = NO;
				SWIFT_VERSION = 5.0;
				TARGETED_DEVICE_FAMILY = "1,2";
				TEST_TARGET_NAME = SwiftUI_WalkthroughAnimation;
			};
			name = Release;
		};
/* End XCBuildConfiguration section */

/* Begin XCConfigurationList section */
		65BA68622CFF567200A894E8 /* Build configuration list for PBXProject "SwiftUI_WalkthroughAnimation" */ = {
			isa = XCConfigurationList;
			buildConfigurations = (
				65BA68892CFF567400A894E8 /* Debug */,
				65BA688A2CFF567400A894E8 /* Release */,
			);
			defaultConfigurationIsVisible = 0;
			defaultConfigurationName = Release;
		};
		65BA688B2CFF567400A894E8 /* Build configuration list for PBXNativeTarget "SwiftUI_WalkthroughAnimation" */ = {
			isa = XCConfigurationList;
			buildConfigurations = (
				65BA688C2CFF567400A894E8 /* Debug */,
				65BA688D2CFF567400A894E8 /* Release */,
			);
			defaultConfigurationIsVisible = 0;
			defaultConfigurationName = Release;
		};
		65BA688E2CFF567400A894E8 /* Build configuration list for PBXNativeTarget "SwiftUI_WalkthroughAnimationTests" */ = {
			isa = XCConfigurationList;
			buildConfigurations = (
				65BA688F2CFF567400A894E8 /* Debug */,
				65BA68902CFF567400A894E8 /* Release */,
			);
			defaultConfigurationIsVisible = 0;
			defaultConfigurationName = Release;
		};
		65BA68912CFF567400A894E8 /* Build configuration list for PBXNativeTarget "SwiftUI_WalkthroughAnimationUITests" */ = {
			isa = XCConfigurationList;
			buildConfigurations = (
				65BA68922CFF567400A894E8 /* Debug */,
				65BA68932CFF567400A894E8 /* Release */,
			);
			defaultConfigurationIsVisible = 0;
			defaultConfigurationName = Release;
		};
/* End XCConfigurationList section */
	};
	rootObject = 65BA685F2CFF567200A894E8 /* Project object */;
}
